<?xml version="1.0" encoding="utf-8"?>
<Project ToolsVersion="4.0" xmlns="http://schemas.microsoft.com/developer/msbuild/2003">
  <ItemGroup>
    <Filter Include="Resource Files">
      <UniqueIdentifier>{67DA6AB6-F800-4c08-8B7A-83BB121AAD01}</UniqueIdentifier>
      <Extensions>rc;ico;cur;bmp;dlg;rc2;rct;bin;rgs;gif;jpg;jpeg;jpe;resx;tiff;tif;png;wav;mfcribbon-ms</Extensions>
    </Filter>
  </ItemGroup>
  <ItemGroup>
    <Text Include="ReadMe.txt" />
  </ItemGroup>
  <ItemGroup>
    <ClInclude Include="OCollision.h" />
    <ClInclude Include="OAssImp.h" />
    <ClInclude Include="Particles.h" />
    <ClInclude Include="LuaWrapper.h" />
    <ClInclude Include="OSInterface.h" />
    <ClInclude Include="ProgramClock.h" />
    <ClInclude Include="GraphicsInterface.h" />
    <ClInclude Include="MathLibraryInterface.h" />
    <ClInclude Include="SpriteFont.h" />
    <ClInclude Include="Cameras.h" />
    <ClInclude Include="GUI.h" />
    <ClInclude Include="PicoPNG.h" />
    <ClInclude Include="Otherwise.h" />
    <ClInclude Include="ErrHandler.h" />
    <ClInclude Include="InitFileReadWrite.h" />
    <ClInclude Include="MessagingSystem.h" />
    <ClInclude Include="SpatialSceneGraphOct.h" />
    <ClInclude Include="SpatialEntity.h" />
    <ClInclude Include="InputHandler.h" />
    <ClInclude Include="OAudio.h" />
  </ItemGroup>
  <ItemGroup>
    <ClCompile Include="OCollision.cpp" />
    <ClCompile Include="OAssImp.cpp" />
    <ClCompile Include="Particles.cpp" />
    <ClCompile Include="LuaWrapper.cpp" />
    <ClCompile Include="OSInterface.cpp" />
    <ClCompile Include="ProgramClock.cpp" />
    <ClCompile Include="GraphicsInterface.cpp" />
    <ClCompile Include="MathLibraryInterface.cpp" />
    <ClCompile Include="Cameras.cpp" />
    <ClCompile Include="GUI.cpp" />
    <ClCompile Include="PicoPNG.cpp" />
    <ClCompile Include="SpriteFont.cpp" />
    <ClCompile Include="ErrHandler.cpp" />
    <ClCompile Include="InitFileReadWrite.cpp" />
    <ClCompile Include="MessagingSystem.cpp" />
    <ClCompile Include="SpatialSceneGraphOct.cpp" />
    <ClCompile Include="SpatialEntity.cpp" />
    <ClCompile Include="InputHandler.cpp" />
    <ClCompile Include="OAudio.cpp" />
  </ItemGroup>
</Project>